
Microsoft Visual Studio Solution File, Format Version 12.00
# Visual Studio Version 16
VisualStudioVersion = 25.0.1700.0
MinimumVisualStudioVersion = 10.0.40219.1
Project("{FAE04EC0-301F-11D3-BF4B-00C04F79EFBC}") = "appDemoMinimalApis", "appDemoMinimalApis\appDemoMinimalApis.csproj", "{B572EE56-390C-411E-A152-884666A6C878}"
EndProject
Global
	GlobalSection(SolutionConfigurationPlatforms) = preSolution
		Debug|Any CPU = Debug|Any CPU
		Release|Any CPU = Release|Any CPU
	EndGlobalSection
	GlobalSection(ProjectConfigurationPlatforms) = postSolution
		{B572EE56-390C-411E-A152-884666A6C878}.Debug|Any CPU.ActiveCfg = Debug|Any CPU
		{B572EE56-390C-411E-A152-884666A6C878}.Debug|Any CPU.Build.0 = Debug|Any CPU
		{B572EE56-390C-411E-A152-884666A6C878}.Release|Any CPU.ActiveCfg = Release|Any CPU
		{B572EE56-390C-411E-A152-884666A6C878}.Release|Any CPU.Build.0 = Release|Any CPU
	EndGlobalSection
	GlobalSection(SolutionProperties) = preSolution
		HideSolutionNode = FALSE
	EndGlobalSection
	GlobalSection(ExtensibilityGlobals) = postSolution
		SolutionGuid = {51E06F01-3506-465F-A48C-00839E1D630A}
	EndGlobalSection
EndGlobal
